
Microsoft Visual Studio Solution File, Format Version 12.00
# Visual Studio Version 17
VisualStudioVersion = 17.7.34018.315
MinimumVisualStudioVersion = 10.0.40219.1
Project("{9A19103F-16F7-4668-BE54-9A1E7A4F7556}") = "BBBuilder.Tests", "BBBuilder.Tests\BBBuilder.Tests.csproj", "{5DB18DFE-4FC1-43FC-9083-EBF013F30A9E}"
	ProjectSection(ProjectDependencies) = postProject
		{CC567CA1-4961-40E5-BEA1-E2997A6FE7B8} = {CC567CA1-4961-40E5-BEA1-E2997A6FE7B8}
	EndProjectSection
EndProject
Project("{9A19103F-16F7-4668-BE54-9A1E7A4F7556}") = "BBBuilder", "BBBuilder.cli\BBBuilder.csproj", "{CCAB8266-5501-4323-A61F-8AA7819BE9FA}"
EndProject
Project("{9A19103F-16F7-4668-BE54-9A1E7A4F7556}") = "BBBuilder.Core", "BBBuilder.Core\BBBuilder.Core.csproj", "{CC567CA1-4961-40E5-BEA1-E2997A6FE7B8}"
EndProject
Project("{9A19103F-16F7-4668-BE54-9A1E7A4F7556}") = "BBBuilder.gui", "BBBuilder.gui\BBBuilder.gui.csproj", "{15C31588-545C-42D9-A471-12FB44062060}"
EndProject
Global
	GlobalSection(SolutionConfigurationPlatforms) = preSolution
		Debug|Any CPU = Debug|Any CPU
		Release|Any CPU = Release|Any CPU
	EndGlobalSection
	GlobalSection(ProjectConfigurationPlatforms) = postSolution
		{5DB18DFE-4FC1-43FC-9083-EBF013F30A9E}.Debug|Any CPU.ActiveCfg = Debug|Any CPU
		{5DB18DFE-4FC1-43FC-9083-EBF013F30A9E}.Debug|Any CPU.Build.0 = Debug|Any CPU
		{5DB18DFE-4FC1-43FC-9083-EBF013F30A9E}.Release|Any CPU.ActiveCfg = Release|Any CPU
		{5DB18DFE-4FC1-43FC-9083-EBF013F30A9E}.Release|Any CPU.Build.0 = Release|Any CPU
		{CCAB8266-5501-4323-A61F-8AA7819BE9FA}.Debug|Any CPU.ActiveCfg = Debug|Any CPU
		{CCAB8266-5501-4323-A61F-8AA7819BE9FA}.Debug|Any CPU.Build.0 = Debug|Any CPU
		{CCAB8266-5501-4323-A61F-8AA7819BE9FA}.Release|Any CPU.ActiveCfg = Release|Any CPU
		{CCAB8266-5501-4323-A61F-8AA7819BE9FA}.Release|Any CPU.Build.0 = Release|Any CPU
		{CC567CA1-4961-40E5-BEA1-E2997A6FE7B8}.Debug|Any CPU.ActiveCfg = Debug|Any CPU
		{CC567CA1-4961-40E5-BEA1-E2997A6FE7B8}.Debug|Any CPU.Build.0 = Debug|Any CPU
		{CC567CA1-4961-40E5-BEA1-E2997A6FE7B8}.Release|Any CPU.ActiveCfg = Release|Any CPU
		{CC567CA1-4961-40E5-BEA1-E2997A6FE7B8}.Release|Any CPU.Build.0 = Release|Any CPU
		{15C31588-545C-42D9-A471-12FB44062060}.Debug|Any CPU.ActiveCfg = Debug|Any CPU
		{15C31588-545C-42D9-A471-12FB44062060}.Debug|Any CPU.Build.0 = Debug|Any CPU
		{15C31588-545C-42D9-A471-12FB44062060}.Release|Any CPU.ActiveCfg = Release|Any CPU
		{15C31588-545C-42D9-A471-12FB44062060}.Release|Any CPU.Build.0 = Release|Any CPU
	EndGlobalSection
	GlobalSection(SolutionProperties) = preSolution
		HideSolutionNode = FALSE
	EndGlobalSection
	GlobalSection(ExtensibilityGlobals) = postSolution
		SolutionGuid = {725779CB-2D64-43A5-917B-7AF6C7047C6D}
	EndGlobalSection
EndGlobal
